
Microsoft Visual Studio Solution File, Format Version 12.00
# Visual Studio Version 16
VisualStudioVersion = 16.0.31605.320
MinimumVisualStudioVersion = 10.0.40219.1
Project("{FAE04EC0-301F-11D3-BF4B-00C04F79EFBC}") = "JobSearchWebApp", "JobSearchWebApp\JobSearchWebApp.csproj", "{502ABC3C-4738-455D-AFBB-9639F74C3F3B}"
EndProject
Project("{FAE04EC0-301F-11D3-BF4B-00C04F79EFBC}") = "TestingEnviroment", "TestingEnviroment\TestingEnviroment.csproj", "{ABACCDA3-0B29-4CE9-8BAA-81886BB46941}"
EndProject
Global
	GlobalSection(SolutionConfigurationPlatforms) = preSolution
		Debug|Any CPU = Debug|Any CPU
		Release|Any CPU = Release|Any CPU
	EndGlobalSection
	GlobalSection(ProjectConfigurationPlatforms) = postSolution
		{502ABC3C-4738-455D-AFBB-9639F74C3F3B}.Debug|Any CPU.ActiveCfg = Debug|Any CPU
		{502ABC3C-4738-455D-AFBB-9639F74C3F3B}.Debug|Any CPU.Build.0 = Debug|Any CPU
		{502ABC3C-4738-455D-AFBB-9639F74C3F3B}.Release|Any CPU.ActiveCfg = Release|Any CPU
		{502ABC3C-4738-455D-AFBB-9639F74C3F3B}.Release|Any CPU.Build.0 = Release|Any CPU
		{ABACCDA3-0B29-4CE9-8BAA-81886BB46941}.Debug|Any CPU.ActiveCfg = Debug|Any CPU
		{ABACCDA3-0B29-4CE9-8BAA-81886BB46941}.Debug|Any CPU.Build.0 = Debug|Any CPU
		{ABACCDA3-0B29-4CE9-8BAA-81886BB46941}.Release|Any CPU.ActiveCfg = Release|Any CPU
		{ABACCDA3-0B29-4CE9-8BAA-81886BB46941}.Release|Any CPU.Build.0 = Release|Any CPU
	EndGlobalSection
	GlobalSection(SolutionProperties) = preSolution
		HideSolutionNode = FALSE
	EndGlobalSection
	GlobalSection(ExtensibilityGlobals) = postSolution
		SolutionGuid = {0C9F4DA0-6CC0-462D-8059-B8C37C4184C9}
	EndGlobalSection
EndGlobal
